
Microsoft Visual Studio Solution File, Format Version 12.00
# Visual Studio Version 16
VisualStudioVersion = 16.0.29920.165
MinimumVisualStudioVersion = 10.0.40219.1
Project("{9A19103F-16F7-4668-BE54-9A1E7A4F7556}") = "AppCoreTests", "AppCoreTests\AppCoreTests.csproj", "{E412DE82-A945-4911-949D-B5E0B14FB648}"
EndProject
Project("{9A19103F-16F7-4668-BE54-9A1E7A4F7556}") = "Codefarts.AppCore.Unity", "Codefarts.AppCore.Unity\Codefarts.AppCore.Unity.csproj", "{5396C16D-C441-42DD-8B8F-41FC65E81C6E}"
EndProject
Project("{9A19103F-16F7-4668-BE54-9A1E7A4F7556}") = "Codefarts.AppCore.Unity.Editor", "Codefarts.AppCore.Unity.Editor\Codefarts.AppCore.Unity.Editor.csproj", "{38116A29-5948-4774-A6BE-CA801EAAE50E}"
EndProject
Project("{2150E333-8FDC-42A3-9474-1A3956D46DE8}") = "SettingProviders", "SettingProviders", "{D4EF779C-A631-44A3-A9F2-6E88BD13F9CF}"
EndProject
Project("{9A19103F-16F7-4668-BE54-9A1E7A4F7556}") = "Codefarts.AppCore.SettingProviders.Xml", "Setting Providers\Codefarts.AppCore.SettingProviders.Xml\Codefarts.AppCore.SettingProviders.Xml.csproj", "{756E05EE-B579-4D8F-90C6-A05292412A56}"
EndProject
Project("{2150E333-8FDC-42A3-9474-1A3956D46DE8}") = "Wpf", "Wpf", "{2F3DF174-2596-4E60-A644-2F466DDB8E7B}"
EndProject
Project("{2150E333-8FDC-42A3-9474-1A3956D46DE8}") = "Unity", "Unity", "{62BE3600-9848-4C45-9BC6-CDBE5AFA16D3}"
EndProject
Project("{2150E333-8FDC-42A3-9474-1A3956D46DE8}") = "LocalizationProviders", "LocalizationProviders", "{E8B2AC86-CE45-41D9-B0C1-E2DF1BB17954}"
EndProject
Project("{FAE04EC0-301F-11D3-BF4B-00C04F79EFBC}") = "Codefarts.AppCore", "Codefarts.AppCore\Codefarts.AppCore.csproj", "{CCCC2A62-2814-4700-A66A-4CBE1F1A0BC1}"
EndProject
Project("{FAE04EC0-301F-11D3-BF4B-00C04F79EFBC}") = "Codefarts.AppCore.Wpf", "Codefarts.AppCore.Wpf\Codefarts.AppCore.Wpf.csproj", "{C4E375A7-E2DB-4235-9EB0-EF57D53A1205}"
EndProject
Project("{FAE04EC0-301F-11D3-BF4B-00C04F79EFBC}") = "Codefarts.AppCore.LocalizationProviders.TextFile", "Localization Providers\Codefarts.AppCore.LocalizationProviders.TextFile\Codefarts.AppCore.LocalizationProviders.TextFile.csproj", "{798E00A6-9EA4-4466-A9FA-44EF02FD1D60}"
EndProject
Project("{2150E333-8FDC-42A3-9474-1A3956D46DE8}") = "Core Libs", "Core Libs", "{448AFD77-FC30-4703-8C2E-DF1593CD6FC0}"
EndProject
Global
	GlobalSection(SolutionConfigurationPlatforms) = preSolution
		Debug|Any CPU = Debug|Any CPU
		Release|Any CPU = Release|Any CPU
	EndGlobalSection
	GlobalSection(ProjectConfigurationPlatforms) = postSolution
		{E412DE82-A945-4911-949D-B5E0B14FB648}.Debug|Any CPU.ActiveCfg = Debug|Any CPU
		{E412DE82-A945-4911-949D-B5E0B14FB648}.Debug|Any CPU.Build.0 = Debug|Any CPU
		{E412DE82-A945-4911-949D-B5E0B14FB648}.Release|Any CPU.ActiveCfg = Release|Any CPU
		{E412DE82-A945-4911-949D-B5E0B14FB648}.Release|Any CPU.Build.0 = Release|Any CPU
		{5396C16D-C441-42DD-8B8F-41FC65E81C6E}.Debug|Any CPU.ActiveCfg = Debug|Any CPU
		{5396C16D-C441-42DD-8B8F-41FC65E81C6E}.Debug|Any CPU.Build.0 = Debug|Any CPU
		{5396C16D-C441-42DD-8B8F-41FC65E81C6E}.Release|Any CPU.ActiveCfg = Release|Any CPU
		{5396C16D-C441-42DD-8B8F-41FC65E81C6E}.Release|Any CPU.Build.0 = Release|Any CPU
		{38116A29-5948-4774-A6BE-CA801EAAE50E}.Debug|Any CPU.ActiveCfg = Debug|Any CPU
		{38116A29-5948-4774-A6BE-CA801EAAE50E}.Debug|Any CPU.Build.0 = Debug|Any CPU
		{38116A29-5948-4774-A6BE-CA801EAAE50E}.Release|Any CPU.ActiveCfg = Release|Any CPU
		{38116A29-5948-4774-A6BE-CA801EAAE50E}.Release|Any CPU.Build.0 = Release|Any CPU
		{756E05EE-B579-4D8F-90C6-A05292412A56}.Debug|Any CPU.ActiveCfg = Debug|Any CPU
		{756E05EE-B579-4D8F-90C6-A05292412A56}.Debug|Any CPU.Build.0 = Debug|Any CPU
		{756E05EE-B579-4D8F-90C6-A05292412A56}.Release|Any CPU.ActiveCfg = Release|Any CPU
		{756E05EE-B579-4D8F-90C6-A05292412A56}.Release|Any CPU.Build.0 = Release|Any CPU
		{CCCC2A62-2814-4700-A66A-4CBE1F1A0BC1}.Debug|Any CPU.ActiveCfg = Debug|Any CPU
		{CCCC2A62-2814-4700-A66A-4CBE1F1A0BC1}.Debug|Any CPU.Build.0 = Debug|Any CPU
		{CCCC2A62-2814-4700-A66A-4CBE1F1A0BC1}.Release|Any CPU.ActiveCfg = Release|Any CPU
		{CCCC2A62-2814-4700-A66A-4CBE1F1A0BC1}.Release|Any CPU.Build.0 = Release|Any CPU
		{C4E375A7-E2DB-4235-9EB0-EF57D53A1205}.Debug|Any CPU.ActiveCfg = Debug|Any CPU
		{C4E375A7-E2DB-4235-9EB0-EF57D53A1205}.Debug|Any CPU.Build.0 = Debug|Any CPU
		{C4E375A7-E2DB-4235-9EB0-EF57D53A1205}.Release|Any CPU.ActiveCfg = Release|Any CPU
		{C4E375A7-E2DB-4235-9EB0-EF57D53A1205}.Release|Any CPU.Build.0 = Release|Any CPU
		{798E00A6-9EA4-4466-A9FA-44EF02FD1D60}.Debug|Any CPU.ActiveCfg = Debug|Any CPU
		{798E00A6-9EA4-4466-A9FA-44EF02FD1D60}.Debug|Any CPU.Build.0 = Debug|Any CPU
		{798E00A6-9EA4-4466-A9FA-44EF02FD1D60}.Release|Any CPU.ActiveCfg = Release|Any CPU
		{798E00A6-9EA4-4466-A9FA-44EF02FD1D60}.Release|Any CPU.Build.0 = Release|Any CPU
	EndGlobalSection
	GlobalSection(SolutionProperties) = preSolution
		HideSolutionNode = FALSE
	EndGlobalSection
	GlobalSection(NestedProjects) = preSolution
		{5396C16D-C441-42DD-8B8F-41FC65E81C6E} = {62BE3600-9848-4C45-9BC6-CDBE5AFA16D3}
		{38116A29-5948-4774-A6BE-CA801EAAE50E} = {62BE3600-9848-4C45-9BC6-CDBE5AFA16D3}
		{756E05EE-B579-4D8F-90C6-A05292412A56} = {D4EF779C-A631-44A3-A9F2-6E88BD13F9CF}
		{C4E375A7-E2DB-4235-9EB0-EF57D53A1205} = {2F3DF174-2596-4E60-A644-2F466DDB8E7B}
		{798E00A6-9EA4-4466-A9FA-44EF02FD1D60} = {E8B2AC86-CE45-41D9-B0C1-E2DF1BB17954}
		{CCCC2A62-2814-4700-A66A-4CBE1F1A0BC1} = {448AFD77-FC30-4703-8C2E-DF1593CD6FC0}
	EndGlobalSection
	GlobalSection(ExtensibilityGlobals) = postSolution
		SolutionGuid = {699E202A-B6F5-432E-B9E2-D77C2CA1278B}
	EndGlobalSection
EndGlobal
